{"format_version":"1.1","terraform_version":"1.4.2","variables":{"IMAGE_URL":{"value":"dfgsdfg"},"account_settings":{"value":{"298481701677":{"cluster_arn":"arn:aws:ecs:us-east-1:298481701677:cluster/Beta","cluster_name":"Beta","container_name":"GraphQL","container_port":8001,"databricks_security_group_id":"","ecs_count":"1","env":"BETA","family_name":"CfnAPI","healthcheck_path":"/graphql","infrastructure_stack_name":"AWSProdApplicationAccountIAC","lb_listener_arn":"arn:aws:elasticloadbalancing:us-east-1:298481701677:listener/app/tf-lb-20230130022905685600000004/3f9b608f871615e3/a2f4b4cabe12f4b1","lb_security_group_id":["sg-082d5b58fad90249e","sg-03d7188a14542e0fd"],"oidc_secret_secret_id":"arn:aws:secretsmanager:us-east-1:298481701677:secret:terraform-20230130022857817500000001-wX6Ddb","subnet_ids":["subnet-098f476aad03c0587","subnet-0bc402681b04521bd","subnet-068f9f98cc5f98b78"],"vpc_id":"vpc-0fbdfe958ad8cd4ec"},"808127352874":{"cluster_arn":"arn:aws:ecs:us-east-1:808127352874:cluster/Prod","cluster_name":"Prod","container_name":"GraphQL","container_port":8001,"databricks_security_group_id":"sg-00a4fc2c463b3f2ef","ecs_count":"3","env":"PROD","family_name":"CfnAPI","healthcheck_path":"/graphql","infrastructure_stack_name":"AWSProdApplicationAccountIAC","lb_listener_arn":"arn:aws:elasticloadbalancing:us-east-1:808127352874:listener/app/tf-lb-20230130033437783700000004/7b87e09336a78ab3/00c58a7cc992caa5","lb_security_group_id":["sg-02d66a2cc5417cb8f","sg-0402fd94b39f5ebc4"],"oidc_secret_secret_id":"arn:aws:secretsmanager:us-east-1:808127352874:secret:terraform-20230130033435851400000001-1p3HKo","subnet_ids":["subnet-00fc4b75ee0621bad","subnet-02b422382b5d1ddef","subnet-01af36e02217ff5a0"],"vpc_id":"vpc-0bc965b61635cc05f"}}},"name":{"value":"CfnAPI"}},"planned_values":{"root_module":{"resources":[{"address":"aws_cloudwatch_log_group.ecs_log_group","mode":"managed","type":"aws_cloudwatch_log_group","name":"ecs_log_group","provider_name":"registry.terraform.io/hashicorp/aws","schema_version":0,"values":{"kms_key_id":null,"name":"/Beta/CfnAPI/GraphQL","retention_in_days":0,"skip_destroy":false,"tags":null},"sensitive_values":{"tags_all":{}}},{"address":"aws_cloudwatch_log_group.otel_agent_log_group","mode":"managed","type":"aws_cloudwatch_log_group","name":"otel_agent_log_group","provider_name":"registry.terraform.io/hashicorp/aws","schema_version":0,"values":{"kms_key_id":null,"name":"/Beta/CfnAPI/OTEL","retention_in_days":0,"skip_destroy":false,"tags":null},"sensitive_values":{"tags_all":{}}},{"address":"aws_dynamodb_table.edges_table","mode":"managed","type":"aws_dynamodb_table","name":"edges_table","provider_name":"registry.terraform.io/hashicorp/aws","schema_version":1,"values":{"attribute":[{"name":"edge_label","type":"S"},{"name":"key","type":"S"},{"name":"source_key","type":"S"},{"name":"target_key","type":"S"}],"billing_mode":"PAY_PER_REQUEST","global_secondary_index":[{"hash_key":"edge_label","name":"edge_label","non_key_attributes":[],"projection_type":"ALL","range_key":"","read_capacity":null,"write_capacity":null},{"hash_key":"source_key","name":"out_edges","non_key_attributes":[],"projection_type":"ALL","range_key":"edge_label","read_capacity":null,"write_capacity":null},{"hash_key":"target_key","name":"in_edges","non_key_attributes":[],"projection_type":"ALL","range_key":"edge_label","read_capacity":null,"write_capacity":null}],"hash_key":"key","local_secondary_index":[],"name":"BETA-Edges","range_key":null,"replica":[],"restore_date_time":null,"restore_source_name":null,"restore_to_latest_time":null,"stream_enabled":null,"table_class":null,"tags":null,"timeouts":null},"sensitive_values":{"attribute":[{},{},{},{}],"global_secondary_index":[{"non_key_attributes":[]},{"non_key_attributes":[]},{"non_key_attributes":[]}],"local_secondary_index":[],"point_in_time_recovery":[],"replica":[],"server_side_encryption":[],"tags_all":{},"ttl":[]}},{"address":"aws_dynamodb_table.nodes_table","mode":"managed","type":"aws_dynamodb_table","name":"nodes_table","provider_name":"registry.terraform.io/hashicorp/aws","schema_version":1,"values":{"attribute":[{"name":"key","type":"S"},{"name":"label","type":"S"}],"billing_mode":"PAY_PER_REQUEST","global_secondary_index":[{"hash_key":"label","name":"label","non_key_attributes":[],"projection_type":"ALL","range_key":"","read_capacity":null,"write_capacity":null}],"hash_key":"key","local_secondary_index":[],"name":"BETA-Nodes","range_key":null,"replica":[],"restore_date_time":null,"restore_source_name":null,"restore_to_latest_time":null,"stream_enabled":null,"table_class":null,"tags":null,"timeouts":null},"sensitive_values":{"attribute":[{},{}],"global_secondary_index":[{"non_key_attributes":[]}],"local_secondary_index":[],"point_in_time_recovery":[],"replica":[],"server_side_encryption":[],"tags_all":{},"ttl":[]}},{"address":"aws_ecs_service.ecs-service","mode":"managed","type":"aws_ecs_service","name":"ecs-service","provider_name":"registry.terraform.io/hashicorp/aws","schema_version":0,"values":{"alarms":[],"capacity_provider_strategy":[],"cluster":"arn:aws:ecs:us-east-1:298481701677:cluster/Beta","deployment_circuit_breaker":[{"enable":true,"rollback":true}],"deployment_controller":[],"deployment_maximum_percent":200,"deployment_minimum_healthy_percent":100,"desired_count":1,"enable_ecs_managed_tags":false,"enable_execute_command":false,"force_new_deployment":null,"health_check_grace_period_seconds":null,"launch_type":"FARGATE","load_balancer":[{"container_name":"GraphQL","container_port":8001,"elb_name":""}],"name":"CfnAPI","network_configuration":[{"assign_public_ip":false,"subnets":["subnet-068f9f98cc5f98b78","subnet-098f476aad03c0587","subnet-0bc402681b04521bd"]}],"ordered_placement_strategy":[],"placement_constraints":[],"propagate_tags":null,"scheduling_strategy":"REPLICA","service_connect_configuration":[],"service_registries":[{"container_name":null,"container_port":null,"port":null}],"tags":null,"timeouts":null,"wait_for_steady_state":true},"sensitive_values":{"alarms":[],"capacity_provider_strategy":[],"deployment_circuit_breaker":[{}],"deployment_controller":[],"load_balancer":[{}],"network_configuration":[{"security_groups":[],"subnets":[false,false,false]}],"ordered_placement_strategy":[],"placement_constraints":[],"service_connect_configuration":[],"service_registries":[{}],"tags_all":{},"triggers":{}}},{"address":"aws_ecs_task_definition.deploy_ecs_service","mode":"managed","type":"aws_ecs_task_definition","name":"deploy_ecs_service","provider_name":"registry.terraform.io/hashicorp/aws","schema_version":1,"values":{"container_definitions":"[{\"environment\":[{\"name\":\"EDGE_TABLE_NAME\",\"value\":\"BETA-Edges\"},{\"name\":\"NODE_TABLE_NAME\",\"value\":\"BETA-Nodes\"},{\"name\":\"STAGE\",\"value\":\"BETA\"}],\"essential\":true,\"image\":\"dfgsdfg\",\"logConfiguration\":{\"logDriver\":\"awslogs\",\"options\":{\"awslogs-group\":\"/Beta/CfnAPI/GraphQL\",\"awslogs-region\":\"us-east-1\",\"awslogs-stream-prefix\":\"GraphQL\"}},\"name\":\"GraphQL\",\"portMappings\":[{\"containerPort\":8001,\"hostPort\":8001}]},{\"essential\":false,\"image\":\"255036831885.dkr.ecr.us-east-1.amazonaws.com/awscollector:latest\",\"logConfiguration\":{\"logDriver\":\"awslogs\",\"options\":{\"awslogs-group\":\"/Beta/CfnAPI/OTEL\",\"awslogs-region\":\"us-east-1\",\"awslogs-stream-prefix\":\"CfnAPI/OTEL\"}},\"name\":\"OTEL-Collector\",\"portMappings\":[]}]","cpu":"1024","ephemeral_storage":[],"family":"CfnAPI","inference_accelerator":[],"ipc_mode":null,"memory":"2048","network_mode":"awsvpc","pid_mode":null,"placement_constraints":[],"proxy_configuration":[],"requires_compatibilities":["FARGATE"],"runtime_platform":[],"skip_destroy":false,"tags":null,"volume":[]},"sensitive_values":{"ephemeral_storage":[],"inference_accelerator":[],"placement_constraints":[],"proxy_configuration":[],"requires_compatibilities":[false],"runtime_platform":[],"tags_all":{},"volume":[]}},{"address":"aws_iam_policy.additional_read_policies","mode":"managed","type":"aws_iam_policy","name":"additional_read_policies","provider_name":"registry.terraform.io/hashicorp/aws","schema_version":0,"values":{"description":null,"name_prefix":null,"path":"/","policy":"{\"Statement\":[{\"Action\":[\"secretsmanager:GetSecretValue\"],\"Effect\":\"Allow\",\"Resource\":\"*\"},{\"Action\":[\"iam:Get*\",\"elasticloadbalancing:Describe*\",\"servicediscovery:GetNamespace\",\"servicediscovery:GetService\",\"servicediscovery:ListTagsForResource\",\"ssm:GetParameter\",\"ssm:GetParameters\",\"ssm:GetParametersByPath\",\"ssm:DescribeParameters\",\"logs:ListTagsLogGroup\"],\"Effect\":\"Allow\",\"Resource\":\"*\"}],\"Version\":\"2012-10-17\"}","tags":null},"sensitive_values":{"tags_all":{}}},{"address":"aws_iam_policy.task_role_policiy","mode":"managed","type":"aws_iam_policy","name":"task_role_policiy","provider_name":"registry.terraform.io/hashicorp/aws","schema_version":0,"values":{"description":"Role policy to read and write from nodes and edges table","name":"task_role_policiy","name_prefix":null,"path":"/","tags":null},"sensitive_values":{"tags_all":{}}},{"address":"aws_iam_role.GitHub_ReadOnly","mode":"managed","type":"aws_iam_role","name":"GitHub_ReadOnly","provider_name":"registry.terraform.io/hashicorp/aws","schema_version":0,"values":{"assume_role_policy":"{\"Statement\":[{\"Action\":\"sts:AssumeRoleWithWebIdentity\",\"Condition\":{\"StringLike\":{\"token.actions.githubusercontent.com:sub\":\"repo:Gomboc-AI/CfnAPI:pull_request\"}},\"Effect\":\"Allow\",\"Principal\":{\"Federated\":\"arn:aws:iam::298481701677:oidc-provider/token.actions.githubusercontent.com\"}}],\"Version\":\"2012-10-17\"}","description":null,"force_detach_policies":false,"max_session_duration":3600,"name":"GitHub-ReadOnly-CfnAPI","path":"/","permissions_boundary":null,"tags":null},"sensitive_values":{"inline_policy":[],"managed_policy_arns":[],"tags_all":{}}},{"address":"aws_iam_role.GitHub_ReadWrite","mode":"managed","type":"aws_iam_role","name":"GitHub_ReadWrite","provider_name":"registry.terraform.io/hashicorp/aws","schema_version":0,"values":{"assume_role_policy":"{\"Statement\":[{\"Action\":\"sts:AssumeRoleWithWebIdentity\",\"Condition\":{\"StringLike\":{\"token.actions.githubusercontent.com:sub\":\"repo:Gomboc-AI/CfnAPI:ref:refs/heads/main\"}},\"Effect\":\"Allow\",\"Principal\":{\"Federated\":\"arn:aws:iam::298481701677:oidc-provider/token.actions.githubusercontent.com\"}}],\"Version\":\"2012-10-17\"}","description":null,"force_detach_policies":false,"managed_policy_arns":["arn:aws:iam::aws:policy/AdministratorAccess"],"max_session_duration":3600,"name":"GitHub-ReadWrite-CfnAPI","path":"/","permissions_boundary":null,"tags":null},"sensitive_values":{"inline_policy":[],"managed_policy_arns":[false],"tags_all":{}}},{"address":"aws_iam_role.ecs_task_role","mode":"managed","type":"aws_iam_role","name":"ecs_task_role","provider_name":"registry.terraform.io/hashicorp/aws","schema_version":0,"values":{"assume_role_policy":"{\"Statement\":[{\"Action\":\"sts:AssumeRole\",\"Effect\":\"Allow\",\"Principal\":{\"Service\":\"ecs-tasks.amazonaws.com\"}}],\"Version\":\"2012-10-17\"}","description":null,"force_detach_policies":false,"max_session_duration":3600,"path":"/","permissions_boundary":null,"tags":null},"sensitive_values":{"inline_policy":[],"managed_policy_arns":[],"tags_all":{}}},{"address":"aws_iam_role.ecs_tasks_execution_role","mode":"managed","type":"aws_iam_role","name":"ecs_tasks_execution_role","provider_name":"registry.terraform.io/hashicorp/aws","schema_version":0,"values":{"assume_role_policy":"{\"Statement\":[{\"Action\":\"sts:AssumeRole\",\"Effect\":\"Allow\",\"Principal\":{\"Service\":\"ecs-tasks.amazonaws.com\"}}],\"Version\":\"2012-10-17\"}","description":null,"force_detach_policies":false,"max_session_duration":3600,"path":"/","permissions_boundary":null,"tags":null},"sensitive_values":{"inline_policy":[],"managed_policy_arns":[],"tags_all":{}}},{"address":"aws_iam_role_policy_attachment.ecs_tasks_execution_role","mode":"managed","type":"aws_iam_role_policy_attachment","name":"ecs_tasks_execution_role","provider_name":"registry.terraform.io/hashicorp/aws","schema_version":0,"values":{"policy_arn":"arn:aws:iam::aws:policy/service-role/AmazonECSTaskExecutionRolePolicy"},"sensitive_values":{}},{"address":"aws_iam_role_policy_attachment.task_role_policiy_attachement","mode":"managed","type":"aws_iam_role_policy_attachment","name":"task_role_policiy_attachement","provider_name":"registry.terraform.io/hashicorp/aws","schema_version":0,"sensitive_values":{}},{"address":"aws_lb_listener_rule.webapp_traffic_rule","mode":"managed","type":"aws_lb_listener_rule","name":"webapp_traffic_rule","provider_name":"registry.terraform.io/hashicorp/aws","schema_version":0,"values":{"action":[{"authenticate_cognito":[],"authenticate_oidc":[{"authentication_request_extra_params":null,"authorization_endpoint":"https://login.microsoftonline.com/81e518e1-9938-450b-925c-ee318d480b52/oauth2/v2.0/authorize","client_id":"ce697f41-7d2f-4338-9708-7fba28e358c1","client_secret":"wgF8Q~MAF5xtUKo9luQfP6_cXLpiHDoBIhHOEct1","issuer":"https://login.microsoftonline.com/81e518e1-9938-450b-925c-ee318d480b52/v2.0","scope":"openid profile","session_cookie_name":"AWSELBAuthSessionCookie","session_timeout":3600,"token_endpoint":"https://login.microsoftonline.com/81e518e1-9938-450b-925c-ee318d480b52/oauth2/v2.0/token","user_info_endpoint":"https://graph.microsoft.com/oidc/userinfo"}],"fixed_response":[],"forward":[],"redirect":[],"target_group_arn":null,"type":"authenticate-oidc"},{"authenticate_cognito":[],"authenticate_oidc":[],"fixed_response":[],"forward":[],"redirect":[],"type":"forward"}],"condition":[{"host_header":[],"http_header":[],"http_request_method":[],"path_pattern":[{"values":["/graphql*"]}],"query_string":[],"source_ip":[]}],"listener_arn":"arn:aws:elasticloadbalancing:us-east-1:298481701677:listener/app/tf-lb-20230130022905685600000004/3f9b608f871615e3/a2f4b4cabe12f4b1","priority":10,"tags":null},"sensitive_values":{"action":[{"authenticate_cognito":[],"authenticate_oidc":[{"client_secret":true}],"fixed_response":[],"forward":[],"redirect":[]},{"authenticate_cognito":[],"authenticate_oidc":[],"fixed_response":[],"forward":[],"redirect":[]}],"condition":[{"host_header":[],"http_header":[],"http_request_method":[],"path_pattern":[{"values":[false]}],"query_string":[],"source_ip":[]}],"tags_all":{}}},{"address":"aws_lb_target_group.workload-target-group","mode":"managed","type":"aws_lb_target_group","name":"workload-target-group","provider_name":"registry.terraform.io/hashicorp/aws","schema_version":0,"values":{"connection_termination":false,"deregistration_delay":"300","health_check":[{"enabled":true,"healthy_threshold":3,"interval":30,"path":"/healthcheck","port":"traffic-port","protocol":"HTTP","unhealthy_threshold":3}],"lambda_multi_value_headers_enabled":false,"name_prefix":null,"port":8001,"protocol":"HTTP","proxy_protocol_v2":false,"slow_start":0,"tags":null,"target_type":"ip","vpc_id":"vpc-0fbdfe958ad8cd4ec"},"sensitive_values":{"health_check":[{}],"stickiness":[],"tags_all":{},"target_failover":[]}},{"address":"aws_security_group.ecs_security_group","mode":"managed","type":"aws_security_group","name":"ecs_security_group","provider_name":"registry.terraform.io/hashicorp/aws","schema_version":1,"values":{"description":"Managed by Terraform","revoke_rules_on_delete":true,"tags":null,"timeouts":null,"vpc_id":"vpc-0fbdfe958ad8cd4ec"},"sensitive_values":{"egress":[],"ingress":[],"tags_all":{}}},{"address":"aws_security_group_rule.egress_all_rule","mode":"managed","type":"aws_security_group_rule","name":"egress_all_rule","provider_name":"registry.terraform.io/hashicorp/aws","schema_version":2,"values":{"cidr_blocks":["0.0.0.0/0"],"description":null,"from_port":0,"ipv6_cidr_blocks":null,"prefix_list_ids":null,"protocol":"-1","self":false,"timeouts":null,"to_port":0,"type":"egress"},"sensitive_values":{"cidr_blocks":[false]}},{"address":"aws_security_group_rule.load_balancer_ingress_rule[0]","mode":"managed","type":"aws_security_group_rule","name":"load_balancer_ingress_rule","index":0,"provider_name":"registry.terraform.io/hashicorp/aws","schema_version":2,"values":{"cidr_blocks":null,"description":null,"from_port":8001,"ipv6_cidr_blocks":null,"prefix_list_ids":null,"protocol":"tcp","self":false,"source_security_group_id":"sg-082d5b58fad90249e","timeouts":null,"to_port":8001,"type":"ingress"},"sensitive_values":{}},{"address":"aws_security_group_rule.load_balancer_ingress_rule[1]","mode":"managed","type":"aws_security_group_rule","name":"load_balancer_ingress_rule","index":1,"provider_name":"registry.terraform.io/hashicorp/aws","schema_version":2,"values":{"cidr_blocks":null,"description":null,"from_port":8001,"ipv6_cidr_blocks":null,"prefix_list_ids":null,"protocol":"tcp","self":false,"source_security_group_id":"sg-03d7188a14542e0fd","timeouts":null,"to_port":8001,"type":"ingress"},"sensitive_values":{}},{"address":"aws_security_group_rule.scan_api_ingress_rule","mode":"managed","type":"aws_security_group_rule","name":"scan_api_ingress_rule","provider_name":"registry.terraform.io/hashicorp/aws","schema_version":2,"values":{"cidr_blocks":null,"description":null,"from_port":8001,"ipv6_cidr_blocks":null,"prefix_list_ids":null,"protocol":"tcp","self":false,"source_security_group_id":"sg-0112843cf7ef02532","timeouts":null,"to_port":8001,"type":"ingress"},"sensitive_values":{}},{"address":"aws_service_discovery_service.discovery_service_registration","mode":"managed","type":"aws_service_discovery_service","name":"discovery_service_registration","provider_name":"registry.terraform.io/hashicorp/aws","schema_version":0,"values":{"description":null,"dns_config":[{"dns_records":[{"ttl":10,"type":"A"}],"namespace_id":"ns-dhijtyufi7agf6rm","routing_policy":"MULTIVALUE"}],"force_destroy":false,"health_check_config":[],"health_check_custom_config":[{"failure_threshold":1}],"name":"CfnAPI","tags":null},"sensitive_values":{"dns_config":[{"dns_records":[{}],"namespace_id":true}],"health_check_config":[],"health_check_custom_config":[{}],"tags_all":{}}}]}},"resource_changes":[{"address":"aws_cloudwatch_log_group.ecs_log_group","mode":"managed","type":"aws_cloudwatch_log_group","name":"ecs_log_group","provider_name":"registry.terraform.io/hashicorp/aws","change":{"actions":["create"],"before":null,"after":{"kms_key_id":null,"name":"/Beta/CfnAPI/GraphQL","retention_in_days":0,"skip_destroy":false,"tags":null},"after_unknown":{"arn":true,"id":true,"name_prefix":true,"tags_all":true},"before_sensitive":false,"after_sensitive":{"tags_all":{}}}},{"address":"aws_cloudwatch_log_group.otel_agent_log_group","mode":"managed","type":"aws_cloudwatch_log_group","name":"otel_agent_log_group","provider_name":"registry.terraform.io/hashicorp/aws","change":{"actions":["create"],"before":null,"after":{"kms_key_id":null,"name":"/Beta/CfnAPI/OTEL","retention_in_days":0,"skip_destroy":false,"tags":null},"after_unknown":{"arn":true,"id":true,"name_prefix":true,"tags_all":true},"before_sensitive":false,"after_sensitive":{"tags_all":{}}}},{"address":"aws_dynamodb_table.edges_table","mode":"managed","type":"aws_dynamodb_table","name":"edges_table","provider_name":"registry.terraform.io/hashicorp/aws","change":{"actions":["create"],"before":null,"after":{"attribute":[{"name":"edge_label","type":"S"},{"name":"key","type":"S"},{"name":"source_key","type":"S"},{"name":"target_key","type":"S"}],"billing_mode":"PAY_PER_REQUEST","global_secondary_index":[{"hash_key":"edge_label","name":"edge_label","non_key_attributes":[],"projection_type":"ALL","range_key":"","read_capacity":null,"write_capacity":null},{"hash_key":"source_key","name":"out_edges","non_key_attributes":[],"projection_type":"ALL","range_key":"edge_label","read_capacity":null,"write_capacity":null},{"hash_key":"target_key","name":"in_edges","non_key_attributes":[],"projection_type":"ALL","range_key":"edge_label","read_capacity":null,"write_capacity":null}],"hash_key":"key","local_secondary_index":[],"name":"BETA-Edges","range_key":null,"replica":[],"restore_date_time":null,"restore_source_name":null,"restore_to_latest_time":null,"stream_enabled":null,"table_class":null,"tags":null,"timeouts":null},"after_unknown":{"arn":true,"attribute":[{},{},{},{}],"global_secondary_index":[{"non_key_attributes":[]},{"non_key_attributes":[]},{"non_key_attributes":[]}],"id":true,"local_secondary_index":[],"point_in_time_recovery":true,"read_capacity":true,"replica":[],"server_side_encryption":true,"stream_arn":true,"stream_label":true,"stream_view_type":true,"tags_all":true,"ttl":true,"write_capacity":true},"before_sensitive":false,"after_sensitive":{"attribute":[{},{},{},{}],"global_secondary_index":[{"non_key_attributes":[]},{"non_key_attributes":[]},{"non_key_attributes":[]}],"local_secondary_index":[],"point_in_time_recovery":[],"replica":[],"server_side_encryption":[],"tags_all":{},"ttl":[]}}},{"address":"aws_dynamodb_table.nodes_table","mode":"managed","type":"aws_dynamodb_table","name":"nodes_table","provider_name":"registry.terraform.io/hashicorp/aws","change":{"actions":["create"],"before":null,"after":{"attribute":[{"name":"key","type":"S"},{"name":"label","type":"S"}],"billing_mode":"PAY_PER_REQUEST","global_secondary_index":[{"hash_key":"label","name":"label","non_key_attributes":[],"projection_type":"ALL","range_key":"","read_capacity":null,"write_capacity":null}],"hash_key":"key","local_secondary_index":[],"name":"BETA-Nodes","range_key":null,"replica":[],"restore_date_time":null,"restore_source_name":null,"restore_to_latest_time":null,"stream_enabled":null,"table_class":null,"tags":null,"timeouts":null},"after_unknown":{"arn":true,"attribute":[{},{}],"global_secondary_index":[{"non_key_attributes":[]}],"id":true,"local_secondary_index":[],"point_in_time_recovery":true,"read_capacity":true,"replica":[],"server_side_encryption":true,"stream_arn":true,"stream_label":true,"stream_view_type":true,"tags_all":true,"ttl":true,"write_capacity":true},"before_sensitive":false,"after_sensitive":{"attribute":[{},{}],"global_secondary_index":[{"non_key_attributes":[]}],"local_secondary_index":[],"point_in_time_recovery":[],"replica":[],"server_side_encryption":[],"tags_all":{},"ttl":[]}}},{"address":"aws_ecs_service.ecs-service","mode":"managed","type":"aws_ecs_service","name":"ecs-service","provider_name":"registry.terraform.io/hashicorp/aws","change":{"actions":["create"],"before":null,"after":{"alarms":[],"capacity_provider_strategy":[],"cluster":"arn:aws:ecs:us-east-1:298481701677:cluster/Beta","deployment_circuit_breaker":[{"enable":true,"rollback":true}],"deployment_controller":[],"deployment_maximum_percent":200,"deployment_minimum_healthy_percent":100,"desired_count":1,"enable_ecs_managed_tags":false,"enable_execute_command":false,"force_new_deployment":null,"health_check_grace_period_seconds":null,"launch_type":"FARGATE","load_balancer":[{"container_name":"GraphQL","container_port":8001,"elb_name":""}],"name":"CfnAPI","network_configuration":[{"assign_public_ip":false,"subnets":["subnet-068f9f98cc5f98b78","subnet-098f476aad03c0587","subnet-0bc402681b04521bd"]}],"ordered_placement_strategy":[],"placement_constraints":[],"propagate_tags":null,"scheduling_strategy":"REPLICA","service_connect_configuration":[],"service_registries":[{"container_name":null,"container_port":null,"port":null}],"tags":null,"timeouts":null,"wait_for_steady_state":true},"after_unknown":{"alarms":[],"capacity_provider_strategy":[],"deployment_circuit_breaker":[{}],"deployment_controller":[],"iam_role":true,"id":true,"load_balancer":[{"target_group_arn":true}],"network_configuration":[{"security_groups":true,"subnets":[false,false,false]}],"ordered_placement_strategy":[],"placement_constraints":[],"platform_version":true,"service_connect_configuration":[],"service_registries":[{"registry_arn":true}],"tags_all":true,"task_definition":true,"triggers":true},"before_sensitive":false,"after_sensitive":{"alarms":[],"capacity_provider_strategy":[],"deployment_circuit_breaker":[{}],"deployment_controller":[],"load_balancer":[{}],"network_configuration":[{"security_groups":[],"subnets":[false,false,false]}],"ordered_placement_strategy":[],"placement_constraints":[],"service_connect_configuration":[],"service_registries":[{}],"tags_all":{},"triggers":{}}}},{"address":"aws_ecs_task_definition.deploy_ecs_service","mode":"managed","type":"aws_ecs_task_definition","name":"deploy_ecs_service","provider_name":"registry.terraform.io/hashicorp/aws","change":{"actions":["create"],"before":null,"after":{"container_definitions":"[{\"environment\":[{\"name\":\"EDGE_TABLE_NAME\",\"value\":\"BETA-Edges\"},{\"name\":\"NODE_TABLE_NAME\",\"value\":\"BETA-Nodes\"},{\"name\":\"STAGE\",\"value\":\"BETA\"}],\"essential\":true,\"image\":\"dfgsdfg\",\"logConfiguration\":{\"logDriver\":\"awslogs\",\"options\":{\"awslogs-group\":\"/Beta/CfnAPI/GraphQL\",\"awslogs-region\":\"us-east-1\",\"awslogs-stream-prefix\":\"GraphQL\"}},\"name\":\"GraphQL\",\"portMappings\":[{\"containerPort\":8001,\"hostPort\":8001}]},{\"essential\":false,\"image\":\"255036831885.dkr.ecr.us-east-1.amazonaws.com/awscollector:latest\",\"logConfiguration\":{\"logDriver\":\"awslogs\",\"options\":{\"awslogs-group\":\"/Beta/CfnAPI/OTEL\",\"awslogs-region\":\"us-east-1\",\"awslogs-stream-prefix\":\"CfnAPI/OTEL\"}},\"name\":\"OTEL-Collector\",\"portMappings\":[]}]","cpu":"1024","ephemeral_storage":[],"family":"CfnAPI","inference_accelerator":[],"ipc_mode":null,"memory":"2048","network_mode":"awsvpc","pid_mode":null,"placement_constraints":[],"proxy_configuration":[],"requires_compatibilities":["FARGATE"],"runtime_platform":[],"skip_destroy":false,"tags":null,"volume":[]},"after_unknown":{"arn":true,"ephemeral_storage":[],"execution_role_arn":true,"id":true,"inference_accelerator":[],"placement_constraints":[],"proxy_configuration":[],"requires_compatibilities":[false],"revision":true,"runtime_platform":[],"tags_all":true,"task_role_arn":true,"volume":[]},"before_sensitive":false,"after_sensitive":{"ephemeral_storage":[],"inference_accelerator":[],"placement_constraints":[],"proxy_configuration":[],"requires_compatibilities":[false],"runtime_platform":[],"tags_all":{},"volume":[]}}},{"address":"aws_iam_policy.additional_read_policies","mode":"managed","type":"aws_iam_policy","name":"additional_read_policies","provider_name":"registry.terraform.io/hashicorp/aws","change":{"actions":["create"],"before":null,"after":{"description":null,"name_prefix":null,"path":"/","policy":"{\"Statement\":[{\"Action\":[\"secretsmanager:GetSecretValue\"],\"Effect\":\"Allow\",\"Resource\":\"*\"},{\"Action\":[\"iam:Get*\",\"elasticloadbalancing:Describe*\",\"servicediscovery:GetNamespace\",\"servicediscovery:GetService\",\"servicediscovery:ListTagsForResource\",\"ssm:GetParameter\",\"ssm:GetParameters\",\"ssm:GetParametersByPath\",\"ssm:DescribeParameters\",\"logs:ListTagsLogGroup\"],\"Effect\":\"Allow\",\"Resource\":\"*\"}],\"Version\":\"2012-10-17\"}","tags":null},"after_unknown":{"arn":true,"id":true,"name":true,"policy_id":true,"tags_all":true},"before_sensitive":false,"after_sensitive":{"tags_all":{}}}},{"address":"aws_iam_policy.task_role_policiy","mode":"managed","type":"aws_iam_policy","name":"task_role_policiy","provider_name":"registry.terraform.io/hashicorp/aws","change":{"actions":["create"],"before":null,"after":{"description":"Role policy to read and write from nodes and edges table","name":"task_role_policiy","name_prefix":null,"path":"/","tags":null},"after_unknown":{"arn":true,"id":true,"policy":true,"policy_id":true,"tags_all":true},"before_sensitive":false,"after_sensitive":{"tags_all":{}}}},{"address":"aws_iam_role.GitHub_ReadOnly","mode":"managed","type":"aws_iam_role","name":"GitHub_ReadOnly","provider_name":"registry.terraform.io/hashicorp/aws","change":{"actions":["create"],"before":null,"after":{"assume_role_policy":"{\"Statement\":[{\"Action\":\"sts:AssumeRoleWithWebIdentity\",\"Condition\":{\"StringLike\":{\"token.actions.githubusercontent.com:sub\":\"repo:Gomboc-AI/CfnAPI:pull_request\"}},\"Effect\":\"Allow\",\"Principal\":{\"Federated\":\"arn:aws:iam::298481701677:oidc-provider/token.actions.githubusercontent.com\"}}],\"Version\":\"2012-10-17\"}","description":null,"force_detach_policies":false,"max_session_duration":3600,"name":"GitHub-ReadOnly-CfnAPI","path":"/","permissions_boundary":null,"tags":null},"after_unknown":{"arn":true,"create_date":true,"id":true,"inline_policy":true,"managed_policy_arns":true,"name_prefix":true,"tags_all":true,"unique_id":true},"before_sensitive":false,"after_sensitive":{"inline_policy":[],"managed_policy_arns":[],"tags_all":{}}}},{"address":"aws_iam_role.GitHub_ReadWrite","mode":"managed","type":"aws_iam_role","name":"GitHub_ReadWrite","provider_name":"registry.terraform.io/hashicorp/aws","change":{"actions":["create"],"before":null,"after":{"assume_role_policy":"{\"Statement\":[{\"Action\":\"sts:AssumeRoleWithWebIdentity\",\"Condition\":{\"StringLike\":{\"token.actions.githubusercontent.com:sub\":\"repo:Gomboc-AI/CfnAPI:ref:refs/heads/main\"}},\"Effect\":\"Allow\",\"Principal\":{\"Federated\":\"arn:aws:iam::298481701677:oidc-provider/token.actions.githubusercontent.com\"}}],\"Version\":\"2012-10-17\"}","description":null,"force_detach_policies":false,"managed_policy_arns":["arn:aws:iam::aws:policy/AdministratorAccess"],"max_session_duration":3600,"name":"GitHub-ReadWrite-CfnAPI","path":"/","permissions_boundary":null,"tags":null},"after_unknown":{"arn":true,"create_date":true,"id":true,"inline_policy":true,"managed_policy_arns":[false],"name_prefix":true,"tags_all":true,"unique_id":true},"before_sensitive":false,"after_sensitive":{"inline_policy":[],"managed_policy_arns":[false],"tags_all":{}}}},{"address":"aws_iam_role.ecs_task_role","mode":"managed","type":"aws_iam_role","name":"ecs_task_role","provider_name":"registry.terraform.io/hashicorp/aws","change":{"actions":["create"],"before":null,"after":{"assume_role_policy":"{\"Statement\":[{\"Action\":\"sts:AssumeRole\",\"Effect\":\"Allow\",\"Principal\":{\"Service\":\"ecs-tasks.amazonaws.com\"}}],\"Version\":\"2012-10-17\"}","description":null,"force_detach_policies":false,"max_session_duration":3600,"path":"/","permissions_boundary":null,"tags":null},"after_unknown":{"arn":true,"create_date":true,"id":true,"inline_policy":true,"managed_policy_arns":true,"name":true,"name_prefix":true,"tags_all":true,"unique_id":true},"before_sensitive":false,"after_sensitive":{"inline_policy":[],"managed_policy_arns":[],"tags_all":{}}}},{"address":"aws_iam_role.ecs_tasks_execution_role","mode":"managed","type":"aws_iam_role","name":"ecs_tasks_execution_role","provider_name":"registry.terraform.io/hashicorp/aws","change":{"actions":["create"],"before":null,"after":{"assume_role_policy":"{\"Statement\":[{\"Action\":\"sts:AssumeRole\",\"Effect\":\"Allow\",\"Principal\":{\"Service\":\"ecs-tasks.amazonaws.com\"}}],\"Version\":\"2012-10-17\"}","description":null,"force_detach_policies":false,"max_session_duration":3600,"path":"/","permissions_boundary":null,"tags":null},"after_unknown":{"arn":true,"create_date":true,"id":true,"inline_policy":true,"managed_policy_arns":true,"name":true,"name_prefix":true,"tags_all":true,"unique_id":true},"before_sensitive":false,"after_sensitive":{"inline_policy":[],"managed_policy_arns":[],"tags_all":{}}}},{"address":"aws_iam_role_policy_attachment.ecs_tasks_execution_role","mode":"managed","type":"aws_iam_role_policy_attachment","name":"ecs_tasks_execution_role","provider_name":"registry.terraform.io/hashicorp/aws","change":{"actions":["create"],"before":null,"after":{"policy_arn":"arn:aws:iam::aws:policy/service-role/AmazonECSTaskExecutionRolePolicy"},"after_unknown":{"id":true,"role":true},"before_sensitive":false,"after_sensitive":{}}},{"address":"aws_iam_role_policy_attachment.task_role_policiy_attachement","mode":"managed","type":"aws_iam_role_policy_attachment","name":"task_role_policiy_attachement","provider_name":"registry.terraform.io/hashicorp/aws","change":{"actions":["create"],"before":null,"after":{},"after_unknown":{"id":true,"policy_arn":true,"role":true},"before_sensitive":false,"after_sensitive":{}}},{"address":"aws_lb_listener_rule.webapp_traffic_rule","mode":"managed","type":"aws_lb_listener_rule","name":"webapp_traffic_rule","provider_name":"registry.terraform.io/hashicorp/aws","change":{"actions":["create"],"before":null,"after":{"action":[{"authenticate_cognito":[],"authenticate_oidc":[{"authentication_request_extra_params":null,"authorization_endpoint":"https://login.microsoftonline.com/81e518e1-9938-450b-925c-ee318d480b52/oauth2/v2.0/authorize","client_id":"ce697f41-7d2f-4338-9708-7fba28e358c1","client_secret":"wgF8Q~MAF5xtUKo9luQfP6_cXLpiHDoBIhHOEct1","issuer":"https://login.microsoftonline.com/81e518e1-9938-450b-925c-ee318d480b52/v2.0","scope":"openid profile","session_cookie_name":"AWSELBAuthSessionCookie","session_timeout":3600,"token_endpoint":"https://login.microsoftonline.com/81e518e1-9938-450b-925c-ee318d480b52/oauth2/v2.0/token","user_info_endpoint":"https://graph.microsoft.com/oidc/userinfo"}],"fixed_response":[],"forward":[],"redirect":[],"target_group_arn":null,"type":"authenticate-oidc"},{"authenticate_cognito":[],"authenticate_oidc":[],"fixed_response":[],"forward":[],"redirect":[],"type":"forward"}],"condition":[{"host_header":[],"http_header":[],"http_request_method":[],"path_pattern":[{"values":["/graphql*"]}],"query_string":[],"source_ip":[]}],"listener_arn":"arn:aws:elasticloadbalancing:us-east-1:298481701677:listener/app/tf-lb-20230130022905685600000004/3f9b608f871615e3/a2f4b4cabe12f4b1","priority":10,"tags":null},"after_unknown":{"action":[{"authenticate_cognito":[],"authenticate_oidc":[{"on_unauthenticated_request":true}],"fixed_response":[],"forward":[],"order":true,"redirect":[]},{"authenticate_cognito":[],"authenticate_oidc":[],"fixed_response":[],"forward":[],"order":true,"redirect":[],"target_group_arn":true}],"arn":true,"condition":[{"host_header":[],"http_header":[],"http_request_method":[],"path_pattern":[{"values":[false]}],"query_string":[],"source_ip":[]}],"id":true,"tags_all":true},"before_sensitive":false,"after_sensitive":{"action":[{"authenticate_cognito":[],"authenticate_oidc":[{"client_secret":true}],"fixed_response":[],"forward":[],"redirect":[]},{"authenticate_cognito":[],"authenticate_oidc":[],"fixed_response":[],"forward":[],"redirect":[]}],"condition":[{"host_header":[],"http_header":[],"http_request_method":[],"path_pattern":[{"values":[false]}],"query_string":[],"source_ip":[]}],"tags_all":{}}}},{"address":"aws_lb_target_group.workload-target-group","mode":"managed","type":"aws_lb_target_group","name":"workload-target-group","provider_name":"registry.terraform.io/hashicorp/aws","change":{"actions":["create"],"before":null,"after":{"connection_termination":false,"deregistration_delay":"300","health_check":[{"enabled":true,"healthy_threshold":3,"interval":30,"path":"/healthcheck","port":"traffic-port","protocol":"HTTP","unhealthy_threshold":3}],"lambda_multi_value_headers_enabled":false,"name_prefix":null,"port":8001,"protocol":"HTTP","proxy_protocol_v2":false,"slow_start":0,"tags":null,"target_type":"ip","vpc_id":"vpc-0fbdfe958ad8cd4ec"},"after_unknown":{"arn":true,"arn_suffix":true,"health_check":[{"matcher":true,"timeout":true}],"id":true,"ip_address_type":true,"load_balancing_algorithm_type":true,"name":true,"preserve_client_ip":true,"protocol_version":true,"stickiness":true,"tags_all":true,"target_failover":true},"before_sensitive":false,"after_sensitive":{"health_check":[{}],"stickiness":[],"tags_all":{},"target_failover":[]}}},{"address":"aws_security_group.ecs_security_group","mode":"managed","type":"aws_security_group","name":"ecs_security_group","provider_name":"registry.terraform.io/hashicorp/aws","change":{"actions":["create"],"before":null,"after":{"description":"Managed by Terraform","revoke_rules_on_delete":true,"tags":null,"timeouts":null,"vpc_id":"vpc-0fbdfe958ad8cd4ec"},"after_unknown":{"arn":true,"egress":true,"id":true,"ingress":true,"name":true,"name_prefix":true,"owner_id":true,"tags_all":true},"before_sensitive":false,"after_sensitive":{"egress":[],"ingress":[],"tags_all":{}}}},{"address":"aws_security_group_rule.egress_all_rule","mode":"managed","type":"aws_security_group_rule","name":"egress_all_rule","provider_name":"registry.terraform.io/hashicorp/aws","change":{"actions":["create"],"before":null,"after":{"cidr_blocks":["0.0.0.0/0"],"description":null,"from_port":0,"ipv6_cidr_blocks":null,"prefix_list_ids":null,"protocol":"-1","self":false,"timeouts":null,"to_port":0,"type":"egress"},"after_unknown":{"cidr_blocks":[false],"id":true,"security_group_id":true,"security_group_rule_id":true,"source_security_group_id":true},"before_sensitive":false,"after_sensitive":{"cidr_blocks":[false]}}},{"address":"aws_security_group_rule.load_balancer_ingress_rule[0]","mode":"managed","type":"aws_security_group_rule","name":"load_balancer_ingress_rule","index":0,"provider_name":"registry.terraform.io/hashicorp/aws","change":{"actions":["create"],"before":null,"after":{"cidr_blocks":null,"description":null,"from_port":8001,"ipv6_cidr_blocks":null,"prefix_list_ids":null,"protocol":"tcp","self":false,"source_security_group_id":"sg-082d5b58fad90249e","timeouts":null,"to_port":8001,"type":"ingress"},"after_unknown":{"id":true,"security_group_id":true,"security_group_rule_id":true},"before_sensitive":false,"after_sensitive":{}}},{"address":"aws_security_group_rule.load_balancer_ingress_rule[1]","mode":"managed","type":"aws_security_group_rule","name":"load_balancer_ingress_rule","index":1,"provider_name":"registry.terraform.io/hashicorp/aws","change":{"actions":["create"],"before":null,"after":{"cidr_blocks":null,"description":null,"from_port":8001,"ipv6_cidr_blocks":null,"prefix_list_ids":null,"protocol":"tcp","self":false,"source_security_group_id":"sg-03d7188a14542e0fd","timeouts":null,"to_port":8001,"type":"ingress"},"after_unknown":{"id":true,"security_group_id":true,"security_group_rule_id":true},"before_sensitive":false,"after_sensitive":{}}},{"address":"aws_security_group_rule.scan_api_ingress_rule","mode":"managed","type":"aws_security_group_rule","name":"scan_api_ingress_rule","provider_name":"registry.terraform.io/hashicorp/aws","change":{"actions":["create"],"before":null,"after":{"cidr_blocks":null,"description":null,"from_port":8001,"ipv6_cidr_blocks":null,"prefix_list_ids":null,"protocol":"tcp","self":false,"source_security_group_id":"sg-0112843cf7ef02532","timeouts":null,"to_port":8001,"type":"ingress"},"after_unknown":{"id":true,"security_group_id":true,"security_group_rule_id":true},"before_sensitive":false,"after_sensitive":{}}},{"address":"aws_service_discovery_service.discovery_service_registration","mode":"managed","type":"aws_service_discovery_service","name":"discovery_service_registration","provider_name":"registry.terraform.io/hashicorp/aws","change":{"actions":["create"],"before":null,"after":{"description":null,"dns_config":[{"dns_records":[{"ttl":10,"type":"A"}],"namespace_id":"ns-dhijtyufi7agf6rm","routing_policy":"MULTIVALUE"}],"force_destroy":false,"health_check_config":[],"health_check_custom_config":[{"failure_threshold":1}],"name":"CfnAPI","tags":null},"after_unknown":{"arn":true,"dns_config":[{"dns_records":[{}]}],"health_check_config":[],"health_check_custom_config":[{}],"id":true,"namespace_id":true,"tags_all":true,"type":true},"before_sensitive":false,"after_sensitive":{"dns_config":[{"dns_records":[{}],"namespace_id":true}],"health_check_config":[],"health_check_custom_config":[{}],"tags_all":{}}}}],"prior_state":{"format_version":"1.0","terraform_version":"1.4.2","values":{"root_module":{"resources":[{"address":"data.aws_caller_identity.current","mode":"data","type":"aws_caller_identity","name":"current","provider_name":"registry.terraform.io/hashicorp/aws","schema_version":0,"values":{"account_id":"298481701677","arn":"arn:aws:sts::298481701677:assumed-role/AWSReservedSSO_DeveloperAccess_d555cee5fafb2c8b/jp@gomboc.ai","id":"298481701677","user_id":"AROAUK7XFKMW65RIGICZJ:jp@gomboc.ai"},"sensitive_values":{}},{"address":"data.aws_iam_openid_connect_provider.github","mode":"data","type":"aws_iam_openid_connect_provider","name":"github","provider_name":"registry.terraform.io/hashicorp/aws","schema_version":0,"values":{"arn":"arn:aws:iam::298481701677:oidc-provider/token.actions.githubusercontent.com","client_id_list":["sts.amazonaws.com"],"id":"arn:aws:iam::298481701677:oidc-provider/token.actions.githubusercontent.com","tags":{"stack":"AWSProdApplicationAccountIAC","stage":"BETA"},"thumbprint_list":["6938fd4d98bab03faadb97b34396831e3780aea1"],"url":"token.actions.githubusercontent.com"},"sensitive_values":{"client_id_list":[false],"tags":{},"thumbprint_list":[false]}},{"address":"data.aws_secretsmanager_secret_version.oidc_client_secret_version","mode":"data","type":"aws_secretsmanager_secret_version","name":"oidc_client_secret_version","provider_name":"registry.terraform.io/hashicorp/aws","schema_version":0,"values":{"arn":"arn:aws:secretsmanager:us-east-1:298481701677:secret:terraform-20230130022857817500000001-wX6Ddb","id":"arn:aws:secretsmanager:us-east-1:298481701677:secret:terraform-20230130022857817500000001-wX6Ddb|AWSCURRENT","secret_binary":"","secret_id":"arn:aws:secretsmanager:us-east-1:298481701677:secret:terraform-20230130022857817500000001-wX6Ddb","secret_string":"{\"client_secret\": \"wgF8Q~MAF5xtUKo9luQfP6_cXLpiHDoBIhHOEct1\"}","version_id":"ee49d49e-437a-4d01-8d89-a6f2e4c0b2ea","version_stage":"AWSCURRENT","version_stages":["AWSCURRENT"]},"sensitive_values":{"version_stages":[false]}},{"address":"data.aws_security_group.scan_api_security_group","mode":"data","type":"aws_security_group","name":"scan_api_security_group","provider_name":"registry.terraform.io/hashicorp/aws","schema_version":0,"values":{"arn":"arn:aws:ec2:us-east-1:298481701677:security-group/sg-0112843cf7ef02532","description":"Managed by Terraform","filter":[{"name":"tag:Name","values":["service_security_group"]},{"name":"tag:stack","values":["ScanAPI"]},{"name":"tag:stage","values":["BETA"]}],"id":"sg-0112843cf7ef02532","name":"terraform-20230505155507170800000002","tags":{"Name":"service_security_group","stack":"ScanAPI","stage":"BETA"},"timeouts":null,"vpc_id":"vpc-0fbdfe958ad8cd4ec"},"sensitive_values":{"filter":[{"values":[false]},{"values":[false]},{"values":[false]}],"tags":{}}},{"address":"data.aws_ssm_parameter.namespace_id","mode":"data","type":"aws_ssm_parameter","name":"namespace_id","provider_name":"registry.terraform.io/hashicorp/aws","schema_version":0,"values":{"arn":"arn:aws:ssm:us-east-1:298481701677:parameter/terraform/AWSProdApplicationAccountIAC/BETA/namespace_id","id":"/terraform/AWSProdApplicationAccountIAC/BETA/namespace_id","name":"/terraform/AWSProdApplicationAccountIAC/BETA/namespace_id","type":"String","value":"ns-dhijtyufi7agf6rm","version":1,"with_decryption":true},"sensitive_values":{}},{"address":"data.aws_ssm_parameter.vpc_id","mode":"data","type":"aws_ssm_parameter","name":"vpc_id","provider_name":"registry.terraform.io/hashicorp/aws","schema_version":0,"values":{"arn":"arn:aws:ssm:us-east-1:298481701677:parameter/terraform/AWSProdApplicationAccountIAC/BETA/vpc/vpc_id","id":"/terraform/AWSProdApplicationAccountIAC/BETA/vpc/vpc_id","name":"/terraform/AWSProdApplicationAccountIAC/BETA/vpc/vpc_id","type":"String","value":"vpc-0fbdfe958ad8cd4ec","version":1,"with_decryption":true},"sensitive_values":{}}]}}},"configuration":{"provider_config":{"aws":{"name":"aws","full_name":"registry.terraform.io/hashicorp/aws","version_constraint":"~\u003e 4.51.0","expressions":{"region":{"constant_value":"us-east-1"}}}},"root_module":{"resources":[{"address":"aws_cloudwatch_log_group.ecs_log_group","mode":"managed","type":"aws_cloudwatch_log_group","name":"ecs_log_group","provider_config_key":"aws","expressions":{"name":{"references":["var.account_settings","data.aws_caller_identity.current.account_id","data.aws_caller_identity.current","var.account_settings","data.aws_caller_identity.current.account_id","data.aws_caller_identity.current"]}},"schema_version":0},{"address":"aws_cloudwatch_log_group.otel_agent_log_group","mode":"managed","type":"aws_cloudwatch_log_group","name":"otel_agent_log_group","provider_config_key":"aws","expressions":{"name":{"references":["var.account_settings","data.aws_caller_identity.current.account_id","data.aws_caller_identity.current","var.account_settings","data.aws_caller_identity.current.account_id","data.aws_caller_identity.current"]}},"schema_version":0},{"address":"aws_dynamodb_table.edges_table","mode":"managed","type":"aws_dynamodb_table","name":"edges_table","provider_config_key":"aws","expressions":{"attribute":[{"name":{"constant_value":"key"},"type":{"constant_value":"S"}},{"name":{"constant_value":"edge_label"},"type":{"constant_value":"S"}},{"name":{"constant_value":"source_key"},"type":{"constant_value":"S"}},{"name":{"constant_value":"target_key"},"type":{"constant_value":"S"}}],"billing_mode":{"constant_value":"PAY_PER_REQUEST"},"global_secondary_index":[{"hash_key":{"constant_value":"edge_label"},"name":{"constant_value":"edge_label"},"projection_type":{"constant_value":"ALL"}},{"hash_key":{"constant_value":"source_key"},"name":{"constant_value":"out_edges"},"projection_type":{"constant_value":"ALL"},"range_key":{"constant_value":"edge_label"}},{"hash_key":{"constant_value":"target_key"},"name":{"constant_value":"in_edges"},"projection_type":{"constant_value":"ALL"},"range_key":{"constant_value":"edge_label"}}],"hash_key":{"constant_value":"key"},"name":{"references":["var.account_settings","data.aws_caller_identity.current.account_id","data.aws_caller_identity.current"]}},"schema_version":1},{"address":"aws_dynamodb_table.nodes_table","mode":"managed","type":"aws_dynamodb_table","name":"nodes_table","provider_config_key":"aws","expressions":{"attribute":[{"name":{"constant_value":"key"},"type":{"constant_value":"S"}},{"name":{"constant_value":"label"},"type":{"constant_value":"S"}}],"billing_mode":{"constant_value":"PAY_PER_REQUEST"},"global_secondary_index":[{"hash_key":{"constant_value":"label"},"name":{"constant_value":"label"},"projection_type":{"constant_value":"ALL"}}],"hash_key":{"constant_value":"key"},"name":{"references":["var.account_settings","data.aws_caller_identity.current.account_id","data.aws_caller_identity.current"]}},"schema_version":1},{"address":"aws_ecs_service.ecs-service","mode":"managed","type":"aws_ecs_service","name":"ecs-service","provider_config_key":"aws","expressions":{"cluster":{"references":["var.account_settings","data.aws_caller_identity.current.account_id","data.aws_caller_identity.current"]},"deployment_circuit_breaker":[{"enable":{"constant_value":true},"rollback":{"constant_value":true}}],"desired_count":{"references":["var.account_settings","data.aws_caller_identity.current.account_id","data.aws_caller_identity.current"]},"launch_type":{"constant_value":"FARGATE"},"load_balancer":[{"container_name":{"references":["var.account_settings","data.aws_caller_identity.current.account_id","data.aws_caller_identity.current"]},"container_port":{"references":["var.account_settings","data.aws_caller_identity.current.account_id","data.aws_caller_identity.current"]},"target_group_arn":{"references":["aws_lb_target_group.workload-target-group.arn","aws_lb_target_group.workload-target-group"]}}],"name":{"references":["var.account_settings","data.aws_caller_identity.current.account_id","data.aws_caller_identity.current"]},"network_configuration":[{"security_groups":{"references":["aws_security_group.ecs_security_group.id","aws_security_group.ecs_security_group"]},"subnets":{"references":["var.account_settings","data.aws_caller_identity.current.account_id","data.aws_caller_identity.current"]}}],"service_registries":[{"registry_arn":{"references":["aws_service_discovery_service.discovery_service_registration.arn","aws_service_discovery_service.discovery_service_registration"]}}],"task_definition":{"references":["aws_ecs_task_definition.deploy_ecs_service.arn","aws_ecs_task_definition.deploy_ecs_service"]},"wait_for_steady_state":{"constant_value":true}},"schema_version":0},{"address":"aws_ecs_task_definition.deploy_ecs_service","mode":"managed","type":"aws_ecs_task_definition","name":"deploy_ecs_service","provider_config_key":"aws","expressions":{"container_definitions":{"references":["var.account_settings","data.aws_caller_identity.current.account_id","data.aws_caller_identity.current","var.IMAGE_URL","aws_dynamodb_table.nodes_table.name","aws_dynamodb_table.nodes_table","aws_dynamodb_table.edges_table.name","aws_dynamodb_table.edges_table","var.account_settings","data.aws_caller_identity.current.account_id","data.aws_caller_identity.current","var.account_settings","data.aws_caller_identity.current.account_id","data.aws_caller_identity.current","var.account_settings","data.aws_caller_identity.current.account_id","data.aws_caller_identity.current","aws_cloudwatch_log_group.ecs_log_group.name","aws_cloudwatch_log_group.ecs_log_group","var.account_settings","data.aws_caller_identity.current.account_id","data.aws_caller_identity.current","aws_cloudwatch_log_group.otel_agent_log_group.name","aws_cloudwatch_log_group.otel_agent_log_group","var.account_settings","data.aws_caller_identity.current.account_id","data.aws_caller_identity.current"]},"cpu":{"constant_value":1024},"execution_role_arn":{"references":["aws_iam_role.ecs_tasks_execution_role.arn","aws_iam_role.ecs_tasks_execution_role"]},"family":{"references":["var.account_settings","data.aws_caller_identity.current.account_id","data.aws_caller_identity.current"]},"memory":{"constant_value":2048},"network_mode":{"constant_value":"awsvpc"},"requires_compatibilities":{"constant_value":["FARGATE"]},"task_role_arn":{"references":["aws_iam_role.ecs_task_role.arn","aws_iam_role.ecs_task_role"]}},"schema_version":1},{"address":"aws_iam_policy.additional_read_policies","mode":"managed","type":"aws_iam_policy","name":"additional_read_policies","provider_config_key":"aws","expressions":{"policy":{}},"schema_version":0},{"address":"aws_iam_policy.task_role_policiy","mode":"managed","type":"aws_iam_policy","name":"task_role_policiy","provider_config_key":"aws","expressions":{"description":{"constant_value":"Role policy to read and write from nodes and edges table"},"name":{"constant_value":"task_role_policiy"},"policy":{"references":["aws_dynamodb_table.nodes_table.arn","aws_dynamodb_table.nodes_table","aws_dynamodb_table.edges_table.arn","aws_dynamodb_table.edges_table","aws_dynamodb_table.nodes_table.arn","aws_dynamodb_table.nodes_table","aws_dynamodb_table.edges_table.arn","aws_dynamodb_table.edges_table","aws_dynamodb_table.edges_table.arn","aws_dynamodb_table.edges_table"]}},"schema_version":0},{"address":"aws_iam_role.GitHub_ReadOnly","mode":"managed","type":"aws_iam_role","name":"GitHub_ReadOnly","provider_config_key":"aws","expressions":{"assume_role_policy":{"references":["data.aws_iam_openid_connect_provider.github.arn","data.aws_iam_openid_connect_provider.github","var.name"]},"managed_policy_arns":{"references":["aws_iam_policy.additional_read_policies.arn","aws_iam_policy.additional_read_policies"]},"name":{"references":["var.name"]}},"schema_version":0},{"address":"aws_iam_role.GitHub_ReadWrite","mode":"managed","type":"aws_iam_role","name":"GitHub_ReadWrite","provider_config_key":"aws","expressions":{"assume_role_policy":{"references":["data.aws_iam_openid_connect_provider.github.arn","data.aws_iam_openid_connect_provider.github","var.name"]},"managed_policy_arns":{"constant_value":["arn:aws:iam::aws:policy/AdministratorAccess"]},"name":{"references":["var.name"]}},"schema_version":0},{"address":"aws_iam_role.ecs_task_role","mode":"managed","type":"aws_iam_role","name":"ecs_task_role","provider_config_key":"aws","expressions":{"assume_role_policy":{}},"schema_version":0},{"address":"aws_iam_role.ecs_tasks_execution_role","mode":"managed","type":"aws_iam_role","name":"ecs_tasks_execution_role","provider_config_key":"aws","expressions":{"assume_role_policy":{}},"schema_version":0},{"address":"aws_iam_role_policy_attachment.ecs_tasks_execution_role","mode":"managed","type":"aws_iam_role_policy_attachment","name":"ecs_tasks_execution_role","provider_config_key":"aws","expressions":{"policy_arn":{"constant_value":"arn:aws:iam::aws:policy/service-role/AmazonECSTaskExecutionRolePolicy"},"role":{"references":["aws_iam_role.ecs_tasks_execution_role.name","aws_iam_role.ecs_tasks_execution_role"]}},"schema_version":0},{"address":"aws_iam_role_policy_attachment.task_role_policiy_attachement","mode":"managed","type":"aws_iam_role_policy_attachment","name":"task_role_policiy_attachement","provider_config_key":"aws","expressions":{"policy_arn":{"references":["aws_iam_policy.task_role_policiy.arn","aws_iam_policy.task_role_policiy"]},"role":{"references":["aws_iam_role.ecs_task_role.name","aws_iam_role.ecs_task_role"]}},"schema_version":0},{"address":"aws_lb_listener_rule.webapp_traffic_rule","mode":"managed","type":"aws_lb_listener_rule","name":"webapp_traffic_rule","provider_config_key":"aws","expressions":{"action":[{"authenticate_oidc":[{"authorization_endpoint":{"constant_value":"https://login.microsoftonline.com/81e518e1-9938-450b-925c-ee318d480b52/oauth2/v2.0/authorize"},"client_id":{"constant_value":"ce697f41-7d2f-4338-9708-7fba28e358c1"},"client_secret":{"references":["data.aws_secretsmanager_secret_version.oidc_client_secret_version.secret_string","data.aws_secretsmanager_secret_version.oidc_client_secret_version"]},"issuer":{"constant_value":"https://login.microsoftonline.com/81e518e1-9938-450b-925c-ee318d480b52/v2.0"},"scope":{"constant_value":"openid profile"},"session_timeout":{"constant_value":3600},"token_endpoint":{"constant_value":"https://login.microsoftonline.com/81e518e1-9938-450b-925c-ee318d480b52/oauth2/v2.0/token"},"user_info_endpoint":{"constant_value":"https://graph.microsoft.com/oidc/userinfo"}}],"type":{"constant_value":"authenticate-oidc"}},{"target_group_arn":{"references":["aws_lb_target_group.workload-target-group.arn","aws_lb_target_group.workload-target-group"]},"type":{"constant_value":"forward"}}],"condition":[{"path_pattern":[{"values":{"constant_value":["/graphql*"]}}]}],"listener_arn":{"references":["var.account_settings","data.aws_caller_identity.current.account_id","data.aws_caller_identity.current"]},"priority":{"constant_value":10}},"schema_version":0},{"address":"aws_lb_target_group.workload-target-group","mode":"managed","type":"aws_lb_target_group","name":"workload-target-group","provider_config_key":"aws","expressions":{"health_check":[{"path":{"constant_value":"/healthcheck"}}],"port":{"references":["var.account_settings","data.aws_caller_identity.current.account_id","data.aws_caller_identity.current"]},"protocol":{"constant_value":"HTTP"},"target_type":{"constant_value":"ip"},"vpc_id":{"references":["var.account_settings","data.aws_caller_identity.current.account_id","data.aws_caller_identity.current"]}},"schema_version":0},{"address":"aws_security_group.ecs_security_group","mode":"managed","type":"aws_security_group","name":"ecs_security_group","provider_config_key":"aws","expressions":{"revoke_rules_on_delete":{"constant_value":true},"vpc_id":{"references":["var.account_settings","data.aws_caller_identity.current.account_id","data.aws_caller_identity.current"]}},"schema_version":1},{"address":"aws_security_group_rule.egress_all_rule","mode":"managed","type":"aws_security_group_rule","name":"egress_all_rule","provider_config_key":"aws","expressions":{"cidr_blocks":{"constant_value":["0.0.0.0/0"]},"from_port":{"constant_value":0},"protocol":{"constant_value":"-1"},"security_group_id":{"references":["aws_security_group.ecs_security_group.id","aws_security_group.ecs_security_group"]},"to_port":{"constant_value":0},"type":{"constant_value":"egress"}},"schema_version":2},{"address":"aws_security_group_rule.load_balancer_ingress_rule","mode":"managed","type":"aws_security_group_rule","name":"load_balancer_ingress_rule","provider_config_key":"aws","expressions":{"from_port":{"references":["var.account_settings","data.aws_caller_identity.current.account_id","data.aws_caller_identity.current"]},"protocol":{"constant_value":"tcp"},"security_group_id":{"references":["aws_security_group.ecs_security_group.id","aws_security_group.ecs_security_group"]},"source_security_group_id":{"references":["var.account_settings","data.aws_caller_identity.current.account_id","data.aws_caller_identity.current","count.index"]},"to_port":{"references":["var.account_settings","data.aws_caller_identity.current.account_id","data.aws_caller_identity.current"]},"type":{"constant_value":"ingress"}},"schema_version":2,"count_expression":{"references":["var.account_settings","data.aws_caller_identity.current.account_id","data.aws_caller_identity.current"]}},{"address":"aws_security_group_rule.peer_ingress_rule","mode":"managed","type":"aws_security_group_rule","name":"peer_ingress_rule","provider_config_key":"aws","expressions":{"from_port":{"constant_value":8001},"protocol":{"constant_value":"tcp"},"security_group_id":{"references":["aws_security_group.ecs_security_group.id","aws_security_group.ecs_security_group"]},"source_security_group_id":{"references":["var.account_settings","data.aws_caller_identity.current.account_id","data.aws_caller_identity.current"]},"to_port":{"constant_value":8001},"type":{"constant_value":"ingress"}},"schema_version":2,"count_expression":{"references":["var.account_settings","data.aws_caller_identity.current.account_id","data.aws_caller_identity.current"]}},{"address":"aws_security_group_rule.scan_api_ingress_rule","mode":"managed","type":"aws_security_group_rule","name":"scan_api_ingress_rule","provider_config_key":"aws","expressions":{"from_port":{"references":["var.account_settings","data.aws_caller_identity.current.account_id","data.aws_caller_identity.current"]},"protocol":{"constant_value":"tcp"},"security_group_id":{"references":["aws_security_group.ecs_security_group.id","aws_security_group.ecs_security_group"]},"source_security_group_id":{"references":["data.aws_security_group.scan_api_security_group.id","data.aws_security_group.scan_api_security_group"]},"to_port":{"references":["var.account_settings","data.aws_caller_identity.current.account_id","data.aws_caller_identity.current"]},"type":{"constant_value":"ingress"}},"schema_version":2},{"address":"aws_service_discovery_service.discovery_service_registration","mode":"managed","type":"aws_service_discovery_service","name":"discovery_service_registration","provider_config_key":"aws","expressions":{"dns_config":[{"dns_records":[{"ttl":{"constant_value":10},"type":{"constant_value":"A"}}],"namespace_id":{"references":["data.aws_ssm_parameter.namespace_id.value","data.aws_ssm_parameter.namespace_id"]}}],"health_check_custom_config":[{"failure_threshold":{"constant_value":1}}],"name":{"references":["var.account_settings","data.aws_caller_identity.current.account_id","data.aws_caller_identity.current"]}},"schema_version":0},{"address":"data.aws_caller_identity.current","mode":"data","type":"aws_caller_identity","name":"current","provider_config_key":"aws","schema_version":0},{"address":"data.aws_iam_openid_connect_provider.github","mode":"data","type":"aws_iam_openid_connect_provider","name":"github","provider_config_key":"aws","expressions":{"url":{"constant_value":"https://token.actions.githubusercontent.com"}},"schema_version":0},{"address":"data.aws_secretsmanager_secret_version.oidc_client_secret_version","mode":"data","type":"aws_secretsmanager_secret_version","name":"oidc_client_secret_version","provider_config_key":"aws","expressions":{"secret_id":{"references":["var.account_settings","data.aws_caller_identity.current.account_id","data.aws_caller_identity.current"]}},"schema_version":0},{"address":"data.aws_security_group.scan_api_security_group","mode":"data","type":"aws_security_group","name":"scan_api_security_group","provider_config_key":"aws","expressions":{"filter":[{"name":{"constant_value":"tag:stack"},"values":{"constant_value":["ScanAPI"]}},{"name":{"constant_value":"tag:stage"},"values":{"references":["var.account_settings","data.aws_caller_identity.current.account_id","data.aws_caller_identity.current"]}},{"name":{"constant_value":"tag:Name"},"values":{"constant_value":["service_security_group"]}}]},"schema_version":0},{"address":"data.aws_ssm_parameter.namespace_id","mode":"data","type":"aws_ssm_parameter","name":"namespace_id","provider_config_key":"aws","expressions":{"name":{"references":["var.account_settings","data.aws_caller_identity.current.account_id","data.aws_caller_identity.current","var.account_settings","data.aws_caller_identity.current.account_id","data.aws_caller_identity.current"]}},"schema_version":0},{"address":"data.aws_ssm_parameter.vpc_id","mode":"data","type":"aws_ssm_parameter","name":"vpc_id","provider_config_key":"aws","expressions":{"name":{"references":["var.account_settings","data.aws_caller_identity.current.account_id","data.aws_caller_identity.current","var.account_settings","data.aws_caller_identity.current.account_id","data.aws_caller_identity.current"]}},"schema_version":0}],"variables":{"IMAGE_URL":{"description":"Image URL of Docker image to deploy"},"account_settings":{"default":{"298481701677":{"cluster_arn":"arn:aws:ecs:us-east-1:298481701677:cluster/Beta","cluster_name":"Beta","container_name":"GraphQL","container_port":8001,"databricks_security_group_id":"","ecs_count":"1","env":"BETA","family_name":"CfnAPI","healthcheck_path":"/graphql","infrastructure_stack_name":"AWSProdApplicationAccountIAC","lb_listener_arn":"arn:aws:elasticloadbalancing:us-east-1:298481701677:listener/app/tf-lb-20230130022905685600000004/3f9b608f871615e3/a2f4b4cabe12f4b1","lb_security_group_id":["sg-082d5b58fad90249e","sg-03d7188a14542e0fd"],"oidc_secret_secret_id":"arn:aws:secretsmanager:us-east-1:298481701677:secret:terraform-20230130022857817500000001-wX6Ddb","subnet_ids":["subnet-098f476aad03c0587","subnet-0bc402681b04521bd","subnet-068f9f98cc5f98b78"],"vpc_id":"vpc-0fbdfe958ad8cd4ec"},"808127352874":{"cluster_arn":"arn:aws:ecs:us-east-1:808127352874:cluster/Prod","cluster_name":"Prod","container_name":"GraphQL","container_port":8001,"databricks_security_group_id":"sg-00a4fc2c463b3f2ef","ecs_count":"3","env":"PROD","family_name":"CfnAPI","healthcheck_path":"/graphql","infrastructure_stack_name":"AWSProdApplicationAccountIAC","lb_listener_arn":"arn:aws:elasticloadbalancing:us-east-1:808127352874:listener/app/tf-lb-20230130033437783700000004/7b87e09336a78ab3/00c58a7cc992caa5","lb_security_group_id":["sg-02d66a2cc5417cb8f","sg-0402fd94b39f5ebc4"],"oidc_secret_secret_id":"arn:aws:secretsmanager:us-east-1:808127352874:secret:terraform-20230130033435851400000001-1p3HKo","subnet_ids":["subnet-00fc4b75ee0621bad","subnet-02b422382b5d1ddef","subnet-01af36e02217ff5a0"],"vpc_id":"vpc-0bc965b61635cc05f"}}},"name":{"default":"CfnAPI","description":"Name of the workload"}}}},"relevant_attributes":[{"resource":"aws_security_group.ecs_security_group","attribute":["id"]},{"resource":"aws_dynamodb_table.edges_table","attribute":["name"]},{"resource":"aws_cloudwatch_log_group.otel_agent_log_group","attribute":["name"]},{"resource":"data.aws_ssm_parameter.namespace_id","attribute":["value"]},{"resource":"data.aws_secretsmanager_secret_version.oidc_client_secret_version","attribute":["secret_string"]},{"resource":"aws_iam_role.ecs_tasks_execution_role","attribute":["name"]},{"resource":"aws_iam_policy.task_role_policiy","attribute":["arn"]},{"resource":"aws_dynamodb_table.nodes_table","attribute":["name"]},{"resource":"aws_iam_role.ecs_tasks_execution_role","attribute":["arn"]},{"resource":"aws_ecs_task_definition.deploy_ecs_service","attribute":["arn"]},{"resource":"data.aws_caller_identity.current","attribute":["account_id"]},{"resource":"aws_iam_role.ecs_task_role","attribute":["name"]},{"resource":"aws_iam_role.ecs_task_role","attribute":["arn"]},{"resource":"data.aws_iam_openid_connect_provider.github","attribute":["arn"]},{"resource":"aws_iam_policy.additional_read_policies","attribute":["arn"]},{"resource":"aws_lb_target_group.workload-target-group","attribute":["arn"]},{"resource":"aws_service_discovery_service.discovery_service_registration","attribute":["arn"]},{"resource":"data.aws_security_group.scan_api_security_group","attribute":["id"]},{"resource":"aws_dynamodb_table.nodes_table","attribute":["arn"]},{"resource":"aws_dynamodb_table.edges_table","attribute":["arn"]},{"resource":"aws_cloudwatch_log_group.ecs_log_group","attribute":["name"]}]}
